{
  "name": "demo_i18next",
  "version": "1.0.0",
  "lockfileVersion": 1,
  "requires": true,
  "dependencies": {
    "i18next": {
      "version": "11.4.0",
      "resolved": "https://registry.npmjs.org/i18next/-/i18next-11.4.0.tgz",
      "integrity": "sha512-QGDemlpt0rtCyAyCIddzRgEcP6/2iaXLmzXzWU2Nd3gBBioonxk+bLQ2ZIpZYkpQXX8S2e7lFXRafF9eh8JS6Q=="
    }
  }
}
